
Microsoft Visual Studio Solution File, Format Version 12.00
# Visual Studio Version 16
VisualStudioVersion = 16.0.33927.289
MinimumVisualStudioVersion = 10.0.40219.1
Project("{FAE04EC0-301F-11D3-BF4B-00C04F79EFBC}") = "ActivationKeyGenerator", "ActivationKeyGenerator.csproj", "{AD23161D-18B6-4688-96C2-87E1BDC6AAB6}"
EndProject
Project("{FAE04EC0-301F-11D3-BF4B-00C04F79EFBC}") = "BusinessAccessLayer", "..\BusinessAccessLayer\BusinessAccessLayer.csproj", "{A34CC873-077C-45F5-8AC0-015B5FAF7AA7}"
EndProject
Project("{FAE04EC0-301F-11D3-BF4B-00C04F79EFBC}") = "DataAccessLayer", "..\DataAccessLayer\DataAccessLayer.csproj", "{C8D6F180-305A-4888-89A9-ABE11C05CE73}"
EndProject
Global
	GlobalSection(SolutionConfigurationPlatforms) = preSolution
		Debug|Any CPU = Debug|Any CPU
		Release|Any CPU = Release|Any CPU
	EndGlobalSection
	GlobalSection(ProjectConfigurationPlatforms) = postSolution
		{AD23161D-18B6-4688-96C2-87E1BDC6AAB6}.Debug|Any CPU.ActiveCfg = Debug|Any CPU
		{AD23161D-18B6-4688-96C2-87E1BDC6AAB6}.Debug|Any CPU.Build.0 = Debug|Any CPU
		{AD23161D-18B6-4688-96C2-87E1BDC6AAB6}.Release|Any CPU.ActiveCfg = Release|Any CPU
		{AD23161D-18B6-4688-96C2-87E1BDC6AAB6}.Release|Any CPU.Build.0 = Release|Any CPU
		{A34CC873-077C-45F5-8AC0-015B5FAF7AA7}.Debug|Any CPU.ActiveCfg = Debug|Any CPU
		{A34CC873-077C-45F5-8AC0-015B5FAF7AA7}.Debug|Any CPU.Build.0 = Debug|Any CPU
		{A34CC873-077C-45F5-8AC0-015B5FAF7AA7}.Release|Any CPU.ActiveCfg = Release|Any CPU
		{A34CC873-077C-45F5-8AC0-015B5FAF7AA7}.Release|Any CPU.Build.0 = Release|Any CPU
		{C8D6F180-305A-4888-89A9-ABE11C05CE73}.Debug|Any CPU.ActiveCfg = Debug|Any CPU
		{C8D6F180-305A-4888-89A9-ABE11C05CE73}.Debug|Any CPU.Build.0 = Debug|Any CPU
		{C8D6F180-305A-4888-89A9-ABE11C05CE73}.Release|Any CPU.ActiveCfg = Release|Any CPU
		{C8D6F180-305A-4888-89A9-ABE11C05CE73}.Release|Any CPU.Build.0 = Release|Any CPU
	EndGlobalSection
	GlobalSection(SolutionProperties) = preSolution
		HideSolutionNode = FALSE
	EndGlobalSection
	GlobalSection(ExtensibilityGlobals) = postSolution
		SolutionGuid = {460C4931-7838-4A69-AD52-33C3F7B7E590}
	EndGlobalSection
EndGlobal
